dependencies:
- name: grafana
  repository: https://grafana.github.io/helm-charts
  version: 7.3.0
- name: loki
  repository: https://grafana.github.io/helm-charts
  version: 5.42.2
- name: tempo
  repository: https://grafana.github.io/helm-charts
  version: 1.7.1
digest: sha256:e919e1e0aa7e42fca6345e467b9e83db2df55aa9e73f38866dcfbe3a6de22f00
generated: "2024-02-12T15:05:39.167125367+01:00"
