dependencies:
- name: grafana
  repository: https://grafana.github.io/helm-charts
  version: 7.3.0
- name: loki
  repository: https://grafana.github.io/helm-charts
  version: 5.42.2
- name: tempo
  repository: https://grafana.github.io/helm-charts
  version: 1.7.1
- name: mimir-distributed
  repository: https://grafana.github.io/helm-charts
  version: 5.2.1
digest: sha256:c1910995f543721161a068a93136d6ea10fe9da751a9f8ac1a11a3b49164a25c
generated: "2024-02-20T21:25:42.603612274+01:00"
